{
  "originHash" : "c77b34a0bf3ee9353abeb98cdd9d5656d38ca6c521cf97bbc52c6c69f946804d",
  "pins" : [
    {
      "identity" : "kingfisher",
      "kind" : "remoteSourceControl",
      "location" : "https://github.com/onevcat/Kingfisher.git",
      "state" : {
        "revision" : "e6749919f9761d573d37a7d7e78b1b854c191d7f",
        "version" : "8.1.3"
      }
    },
    {
      "identity" : "lottie-spm",
      "kind" : "remoteSourceControl",
      "location" : "https://github.com/airbnb/lottie-spm.git",
      "state" : {
        "revision" : "8c6edf4f0fa84fe9c058600a4295eb0c01661c69",
        "version" : "4.5.1"
      }
    },
    {
      "identity" : "swiftuix",
      "kind" : "remoteSourceControl",
      "location" : "https://github.com/swiftuix/SwiftUIX",
      "state" : {
        "revision" : "e984fd2e08140ad5a95d084be38fe02b774bc15d",
        "version" : "0.2.3"
      }
    }
  ],
  "version" : 3
}
