// !$*UTF8*$!
{
	archiveVersion = 1;
	classes = {
	};
	objectVersion = 77;
	objects = {

/* Begin PBXBuildFile section */
		2C75057B2D356D2400C39319 /* SwiftUIX in Frameworks */ = {isa = PBXBuildFile; productRef = 2C75057A2D356D2400C39319 /* SwiftUIX */; };
		2C7DD85A2D36BEFF00468ECF /* Lottie in Frameworks */ = {isa = PBXBuildFile; productRef = 2C7DD8592D36BEFF00468ECF /* Lottie */; };
		2CA80CED2D350A5E008A7F39 /* Kingfisher in Frameworks */ = {isa = PBXBuildFile; productRef = 2CA80CEC2D350A5E008A7F39 /* Kingfisher */; };
/* End PBXBuildFile section */

/* Begin PBXContainerItemProxy section */
		2C589CC02D315EFF0038997F /* PBXContainerItemProxy */ = {
			isa = PBXContainerItemProxy;
			containerPortal = 2C589CA72D315EFC0038997F /* Project object */;
			proxyType = 1;
			remoteGlobalIDString = 2C589CAE2D315EFC0038997F;
			remoteInfo = PepperMealPlanner;
		};
		2C589CCA2D315EFF0038997F /* PBXContainerItemProxy */ = {
			isa = PBXContainerItemProxy;
			containerPortal = 2C589CA72D315EFC0038997F /* Project object */;
			proxyType = 1;
			remoteGlobalIDString = 2C589CAE2D315EFC0038997F;
			remoteInfo = PepperMealPlanner;
		};
/* End PBXContainerItemProxy section */

/* Begin PBXFileReference section */
		2C589CAF2D315EFC0038997F /* PepperMealPlanner.app */ = {isa = PBXFileReference; explicitFileType = wrapper.application; includeInIndex = 0; path = PepperMealPlanner.app; sourceTree = BUILT_PRODUCTS_DIR; };
		2C589CBF2D315EFF0038997F /* PepperMealPlannerTests.xctest */ = {isa = PBXFileReference; explicitFileType = wrapper.cfbundle; includeInIndex = 0; path = PepperMealPlannerTests.xctest; sourceTree = BUILT_PRODUCTS_DIR; };
		2C589CC92D315EFF0038997F /* PepperMealPlannerUITests.xctest */ = {isa = PBXFileReference; explicitFileType = wrapper.cfbundle; includeInIndex = 0; path = PepperMealPlannerUITests.xctest; sourceTree = BUILT_PRODUCTS_DIR; };
/* End PBXFileReference section */

/* Begin PBXFileSystemSynchronizedRootGroup section */
		2C589CB12D315EFC0038997F /* PepperMealPlanner */ = {
			isa = PBXFileSystemSynchronizedRootGroup;
			path = PepperMealPlanner;
			sourceTree = "<group>";
		};
		2C589CC22D315EFF0038997F /* PepperMealPlannerTests */ = {
			isa = PBXFileSystemSynchronizedRootGroup;
			path = PepperMealPlannerTests;
			sourceTree = "<group>";
		};
		2C589CCC2D315EFF0038997F /* PepperMealPlannerUITests */ = {
			isa = PBXFileSystemSynchronizedRootGroup;
			path = PepperMealPlannerUITests;
			sourceTree = "<group>";
		};
/* End PBXFileSystemSynchronizedRootGroup section */

/* Begin PBXFrameworksBuildPhase section */
		2C589CAC2D315EFC0038997F /* Frameworks */ = {
			isa = PBXFrameworksBuildPhase;
			buildActionMask = 2147483647;
			files = (
				2C75057B2D356D2400C39319 /* SwiftUIX in Frameworks */,
				2CA80CED2D350A5E008A7F39 /* Kingfisher in Frameworks */,
				2C7DD85A2D36BEFF00468ECF /* Lottie in Frameworks */,
			);
			runOnlyForDeploymentPostprocessing = 0;
		};
		2C589CBC2D315EFF0038997F /* Frameworks */ = {
			isa = PBXFrameworksBuildPhase;
			buildActionMask = 2147483647;
			files = (
			);
			runOnlyForDeploymentPostprocessing = 0;
		};
		2C589CC62D315EFF0038997F /* Frameworks */ = {
			isa = PBXFrameworksBuildPhase;
			buildActionMask = 2147483647;
			files = (
			);
			runOnlyForDeploymentPostprocessing = 0;
		};
/* End PBXFrameworksBuildPhase section */

/* Begin PBXGroup section */
		2C589CA62D315EFC0038997F = {
			isa = PBXGroup;
			children = (
				2C589CB12D315EFC0038997F /* PepperMealPlanner */,
				2C589CC22D315EFF0038997F /* PepperMealPlannerTests */,
				2C589CCC2D315EFF0038997F /* PepperMealPlannerUITests */,
				2CA80CEB2D350A5E008A7F39 /* Frameworks */,
				2C589CB02D315EFC0038997F /* Products */,
			);
			sourceTree = "<group>";
		};
		2C589CB02D315EFC0038997F /* Products */ = {
			isa = PBXGroup;
			children = (
				2C589CAF2D315EFC0038997F /* PepperMealPlanner.app */,
				2C589CBF2D315EFF0038997F /* PepperMealPlannerTests.xctest */,
				2C589CC92D315EFF0038997F /* PepperMealPlannerUITests.xctest */,
			);
			name = Products;
			sourceTree = "<group>";
		};
		2CA80CEB2D350A5E008A7F39 /* Frameworks */ = {
			isa = PBXGroup;
			children = (
			);
			name = Frameworks;
			sourceTree = "<group>";
		};
/* End PBXGroup section */

/* Begin PBXNativeTarget section */
		2C589CAE2D315EFC0038997F /* PepperMealPlanner */ = {
			isa = PBXNativeTarget;
			buildConfigurationList = 2C589CD32D315EFF0038997F /* Build configuration list for PBXNativeTarget "PepperMealPlanner" */;
			buildPhases = (
				2C589CAB2D315EFC0038997F /* Sources */,
				2C589CAC2D315EFC0038997F /* Frameworks */,
				2C589CAD2D315EFC0038997F /* Resources */,
			);
			buildRules = (
			);
			dependencies = (
			);
			fileSystemSynchronizedGroups = (
				2C589CB12D315EFC0038997F /* PepperMealPlanner */,
			);
			name = PepperMealPlanner;
			packageProductDependencies = (
				2CA80CEC2D350A5E008A7F39 /* Kingfisher */,
				2C75057A2D356D2400C39319 /* SwiftUIX */,
				2C7DD8592D36BEFF00468ECF /* Lottie */,
			);
			productName = PepperMealPlanner;
			productReference = 2C589CAF2D315EFC0038997F /* PepperMealPlanner.app */;
			productType = "com.apple.product-type.application";
		};
		2C589CBE2D315EFF0038997F /* PepperMealPlannerTests */ = {
			isa = PBXNativeTarget;
			buildConfigurationList = 2C589CD62D315EFF0038997F /* Build configuration list for PBXNativeTarget "PepperMealPlannerTests" */;
			buildPhases = (
				2C589CBB2D315EFF0038997F /* Sources */,
				2C589CBC2D315EFF0038997F /* Frameworks */,
				2C589CBD2D315EFF0038997F /* Resources */,
			);
			buildRules = (
			);
			dependencies = (
				2C589CC12D315EFF0038997F /* PBXTargetDependency */,
			);
			fileSystemSynchronizedGroups = (
				2C589CC22D315EFF0038997F /* PepperMealPlannerTests */,
			);
			name = PepperMealPlannerTests;
			packageProductDependencies = (
			);
			productName = PepperMealPlannerTests;
			productReference = 2C589CBF2D315EFF0038997F /* PepperMealPlannerTests.xctest */;
			productType = "com.apple.product-type.bundle.unit-test";
		};
		2C589CC82D315EFF0038997F /* PepperMealPlannerUITests */ = {
			isa = PBXNativeTarget;
			buildConfigurationList = 2C589CD92D315EFF0038997F /* Build configuration list for PBXNativeTarget "PepperMealPlannerUITests" */;
			buildPhases = (
				2C589CC52D315EFF0038997F /* Sources */,
				2C589CC62D315EFF0038997F /* Frameworks */,
				2C589CC72D315EFF0038997F /* Resources */,
			);
			buildRules = (
			);
			dependencies = (
				2C589CCB2D315EFF0038997F /* PBXTargetDependency */,
			);
			fileSystemSynchronizedGroups = (
				2C589CCC2D315EFF0038997F /* PepperMealPlannerUITests */,
			);
			name = PepperMealPlannerUITests;
			packageProductDependencies = (
			);
			productName = PepperMealPlannerUITests;
			productReference = 2C589CC92D315EFF0038997F /* PepperMealPlannerUITests.xctest */;
			productType = "com.apple.product-type.bundle.ui-testing";
		};
/* End PBXNativeTarget section */

/* Begin PBXProject section */
		2C589CA72D315EFC0038997F /* Project object */ = {
			isa = PBXProject;
			attributes = {
				BuildIndependentTargetsInParallel = 1;
				LastSwiftUpdateCheck = 1620;
				LastUpgradeCheck = 1620;
				TargetAttributes = {
					2C589CAE2D315EFC0038997F = {
						CreatedOnToolsVersion = 16.2;
					};
					2C589CBE2D315EFF0038997F = {
						CreatedOnToolsVersion = 16.2;
						TestTargetID = 2C589CAE2D315EFC0038997F;
					};
					2C589CC82D315EFF0038997F = {
						CreatedOnToolsVersion = 16.2;
						TestTargetID = 2C589CAE2D315EFC0038997F;
					};
				};
			};
			buildConfigurationList = 2C589CAA2D315EFC0038997F /* Build configuration list for PBXProject "PepperMealPlanner" */;
			developmentRegion = en;
			hasScannedForEncodings = 0;
			knownRegions = (
				en,
				Base,
			);
			mainGroup = 2C589CA62D315EFC0038997F;
			minimizedProjectReferenceProxies = 1;
			packageReferences = (
				2CA80CEA2D350A32008A7F39 /* XCRemoteSwiftPackageReference "Kingfisher" */,
				2C7505792D356D1600C39319 /* XCRemoteSwiftPackageReference "SwiftUIX" */,
				2C7DD8552D36BB7200468ECF /* XCRemoteSwiftPackageReference "lottie-spm" */,
			);
			preferredProjectObjectVersion = 77;
			productRefGroup = 2C589CB02D315EFC0038997F /* Products */;
			projectDirPath = "";
			projectRoot = "";
			targets = (
				2C589CAE2D315EFC0038997F /* PepperMealPlanner */,
				2C589CBE2D315EFF0038997F /* PepperMealPlannerTests */,
				2C589CC82D315EFF0038997F /* PepperMealPlannerUITests */,
			);
		};
/* End PBXProject section */

/* Begin PBXResourcesBuildPhase section */
		2C589CAD2D315EFC0038997F /* Resources */ = {
			isa = PBXResourcesBuildPhase;
			buildActionMask = 2147483647;
			files = (
			);
			runOnlyForDeploymentPostprocessing = 0;
		};
		2C589CBD2D315EFF0038997F /* Resources */ = {
			isa = PBXResourcesBuildPhase;
			buildActionMask = 2147483647;
			files = (
			);
			runOnlyForDeploymentPostprocessing = 0;
		};
		2C589CC72D315EFF0038997F /* Resources */ = {
			isa = PBXResourcesBuildPhase;
			buildActionMask = 2147483647;
			files = (
			);
			runOnlyForDeploymentPostprocessing = 0;
		};
/* End PBXResourcesBuildPhase section */

/* Begin PBXSourcesBuildPhase section */
		2C589CAB2D315EFC0038997F /* Sources */ = {
			isa = PBXSourcesBuildPhase;
			buildActionMask = 2147483647;
			files = (
			);
			runOnlyForDeploymentPostprocessing = 0;
		};
		2C589CBB2D315EFF0038997F /* Sources */ = {
			isa = PBXSourcesBuildPhase;
			buildActionMask = 2147483647;
			files = (
			);
			runOnlyForDeploymentPostprocessing = 0;
		};
		2C589CC52D315EFF0038997F /* Sources */ = {
			isa = PBXSourcesBuildPhase;
			buildActionMask = 2147483647;
			files = (
			);
			runOnlyForDeploymentPostprocessing = 0;
		};
/* End PBXSourcesBuildPhase section */

/* Begin PBXTargetDependency section */
		2C589CC12D315EFF0038997F /* PBXTargetDependency */ = {
			isa = PBXTargetDependency;
			target = 2C589CAE2D315EFC0038997F /* PepperMealPlanner */;
			targetProxy = 2C589CC02D315EFF0038997F /* PBXContainerItemProxy */;
		};
		2C589CCB2D315EFF0038997F /* PBXTargetDependency */ = {
			isa = PBXTargetDependency;
			target = 2C589CAE2D315EFC0038997F /* PepperMealPlanner */;
			targetProxy = 2C589CCA2D315EFF0038997F /* PBXContainerItemProxy */;
		};
/* End PBXTargetDependency section */

/* Begin XCBuildConfiguration section */
		2C589CD12D315EFF0038997F /* Debug */ = {
			isa = XCBuildConfiguration;
			buildSettings = {
				ALWAYS_SEARCH_USER_PATHS = NO;
				ASSETCATALOG_COMPILER_GENERATE_SWIFT_ASSET_SYMBOL_EXTENSIONS = YES;
				CLANG_ANALYZER_NONNULL = YES;
				CLANG_ANALYZER_NUMBER_OBJECT_CONVERSION = YES_AGGRESSIVE;
				CLANG_CXX_LANGUAGE_STANDARD = "gnu++20";
				CLANG_ENABLE_MODULES = YES;
				CLANG_ENABLE_OBJC_ARC = YES;
				CLANG_ENABLE_OBJC_WEAK = YES;
				CLANG_WARN_BLOCK_CAPTURE_AUTORELEASING = YES;
				CLANG_WARN_BOOL_CONVERSION = YES;
				CLANG_WARN_COMMA = YES;
				CLANG_WARN_CONSTANT_CONVERSION = YES;
				CLANG_WARN_DEPRECATED_OBJC_IMPLEMENTATIONS = YES;
				CLANG_WARN_DIRECT_OBJC_ISA_USAGE = YES_ERROR;
				CLANG_WARN_DOCUMENTATION_COMMENTS = YES;
				CLANG_WARN_EMPTY_BODY = YES;
				CLANG_WARN_ENUM_CONVERSION = YES;
				CLANG_WARN_INFINITE_RECURSION = YES;
				CLANG_WARN_INT_CONVERSION = YES;
				CLANG_WARN_NON_LITERAL_NULL_CONVERSION = YES;
				CLANG_WARN_OBJC_IMPLICIT_RETAIN_SELF = YES;
				CLANG_WARN_OBJC_LITERAL_CONVERSION = YES;
				CLANG_WARN_OBJC_ROOT_CLASS = YES_ERROR;
				CLANG_WARN_QUOTED_INCLUDE_IN_FRAMEWORK_HEADER = YES;
				CLANG_WARN_RANGE_LOOP_ANALYSIS = YES;
				CLANG_WARN_STRICT_PROTOTYPES = YES;
				CLANG_WARN_SUSPICIOUS_MOVE = YES;
				CLANG_WARN_UNGUARDED_AVAILABILITY = YES_AGGRESSIVE;
				CLANG_WARN_UNREACHABLE_CODE = YES;
				CLANG_WARN__DUPLICATE_METHOD_MATCH = YES;
				COPY_PHASE_STRIP = NO;
				DEBUG_INFORMATION_FORMAT = dwarf;
				ENABLE_STRICT_OBJC_MSGSEND = YES;
				ENABLE_TESTABILITY = YES;
				ENABLE_USER_SCRIPT_SANDBOXING = YES;
				GCC_C_LANGUAGE_STANDARD = gnu17;
				GCC_DYNAMIC_NO_PIC = NO;
				GCC_NO_COMMON_BLOCKS = YES;
				GCC_OPTIMIZATION_LEVEL = 0;
				GCC_PREPROCESSOR_DEFINITIONS = (
					"DEBUG=1",
					"$(inherited)",
				);
				GCC_WARN_64_TO_32_BIT_CONVERSION = YES;
				GCC_WARN_ABOUT_RETURN_TYPE = YES_ERROR;
				GCC_WARN_UNDECLARED_SELECTOR = YES;
				GCC_WARN_UNINITIALIZED_AUTOS = YES_AGGRESSIVE;
				GCC_WARN_UNUSED_FUNCTION = YES;
				GCC_WARN_UNUSED_VARIABLE = YES;
				IPHONEOS_DEPLOYMENT_TARGET = 18.2;
				LOCALIZATION_PREFERS_STRING_CATALOGS = YES;
				MTL_ENABLE_DEBUG_INFO = INCLUDE_SOURCE;
				MTL_FAST_MATH = YES;
				ONLY_ACTIVE_ARCH = YES;
				SDKROOT = iphoneos;
				SWIFT_ACTIVE_COMPILATION_CONDITIONS = "DEBUG $(inherited)";
				SWIFT_OPTIMIZATION_LEVEL = "-Onone";
			};
			name = Debug;
		};
		2C589CD22D315EFF0038997F /* Release */ = {
			isa = XCBuildConfiguration;
			buildSettings = {
				ALWAYS_SEARCH_USER_PATHS = NO;
				ASSETCATALOG_COMPILER_GENERATE_SWIFT_ASSET_SYMBOL_EXTENSIONS = YES;
				CLANG_ANALYZER_NONNULL = YES;
				CLANG_ANALYZER_NUMBER_OBJECT_CONVERSION = YES_AGGRESSIVE;
				CLANG_CXX_LANGUAGE_STANDARD = "gnu++20";
				CLANG_ENABLE_MODULES = YES;
				CLANG_ENABLE_OBJC_ARC = YES;
				CLANG_ENABLE_OBJC_WEAK = YES;
				CLANG_WARN_BLOCK_CAPTURE_AUTORELEASING = YES;
				CLANG_WARN_BOOL_CONVERSION = YES;
				CLANG_WARN_COMMA = YES;
				CLANG_WARN_CONSTANT_CONVERSION = YES;
				CLANG_WARN_DEPRECATED_OBJC_IMPLEMENTATIONS = YES;
				CLANG_WARN_DIRECT_OBJC_ISA_USAGE = YES_ERROR;
				CLANG_WARN_DOCUMENTATION_COMMENTS = YES;
				CLANG_WARN_EMPTY_BODY = YES;
				CLANG_WARN_ENUM_CONVERSION = YES;
				CLANG_WARN_INFINITE_RECURSION = YES;
				CLANG_WARN_INT_CONVERSION = YES;
				CLANG_WARN_NON_LITERAL_NULL_CONVERSION = YES;
				CLANG_WARN_OBJC_IMPLICIT_RETAIN_SELF = YES;
				CLANG_WARN_OBJC_LITERAL_CONVERSION = YES;
				CLANG_WARN_OBJC_ROOT_CLASS = YES_ERROR;
				CLANG_WARN_QUOTED_INCLUDE_IN_FRAMEWORK_HEADER = YES;
				CLANG_WARN_RANGE_LOOP_ANALYSIS = YES;
				CLANG_WARN_STRICT_PROTOTYPES = YES;
				CLANG_WARN_SUSPICIOUS_MOVE = YES;
				CLANG_WARN_UNGUARDED_AVAILABILITY = YES_AGGRESSIVE;
				CLANG_WARN_UNREACHABLE_CODE = YES;
				CLANG_WARN__DUPLICATE_METHOD_MATCH = YES;
				COPY_PHASE_STRIP = NO;
				DEBUG_INFORMATION_FORMAT = "dwarf-with-dsym";
				ENABLE_NS_ASSERTIONS = NO;
				ENABLE_STRICT_OBJC_MSGSEND = YES;
				ENABLE_USER_SCRIPT_SANDBOXING = YES;
				GCC_C_LANGUAGE_STANDARD = gnu17;
				GCC_NO_COMMON_BLOCKS = YES;
				GCC_WARN_64_TO_32_BIT_CONVERSION = YES;
				GCC_WARN_ABOUT_RETURN_TYPE = YES_ERROR;
				GCC_WARN_UNDECLARED_SELECTOR = YES;
				GCC_WARN_UNINITIALIZED_AUTOS = YES_AGGRESSIVE;
				GCC_WARN_UNUSED_FUNCTION = YES;
				GCC_WARN_UNUSED_VARIABLE = YES;
				IPHONEOS_DEPLOYMENT_TARGET = 18.2;
				LOCALIZATION_PREFERS_STRING_CATALOGS = YES;
				MTL_ENABLE_DEBUG_INFO = NO;
				MTL_FAST_MATH = YES;
				SDKROOT = iphoneos;
				SWIFT_COMPILATION_MODE = wholemodule;
				VALIDATE_PRODUCT = YES;
			};
			name = Release;
		};
		2C589CD42D315EFF0038997F /* Debug */ = {
			isa = XCBuildConfiguration;
			buildSettings = {
				ASSETCATALOG_COMPILER_APPICON_NAME = AppIcon;
				ASSETCATALOG_COMPILER_GLOBAL_ACCENT_COLOR_NAME = AccentColor;
				CODE_SIGN_STYLE = Automatic;
				CURRENT_PROJECT_VERSION = 1;
				DEVELOPMENT_ASSET_PATHS = "\"PepperMealPlanner/Preview Content\"";
				ENABLE_PREVIEWS = YES;
				GENERATE_INFOPLIST_FILE = YES;
				INFOPLIST_KEY_CFBundleDisplayName = "Pepper Meal Planner";
				INFOPLIST_KEY_LSApplicationCategoryType = "public.app-category.food-and-drink";
				INFOPLIST_KEY_UIApplicationSceneManifest_Generation = YES;
				INFOPLIST_KEY_UIApplicationSupportsIndirectInputEvents = YES;
				INFOPLIST_KEY_UILaunchScreen_Generation = YES;
				INFOPLIST_KEY_UIStatusBarStyle = "";
				INFOPLIST_KEY_UISupportedInterfaceOrientations = UIInterfaceOrientationPortrait;
				INFOPLIST_KEY_UISupportedInterfaceOrientations_iPad = "UIInterfaceOrientationLandscapeLeft UIInterfaceOrientationLandscapeRight UIInterfaceOrientationPortrait UIInterfaceOrientationPortraitUpsideDown";
				LD_RUNPATH_SEARCH_PATHS = (
					"$(inherited)",
					"@executable_path/Frameworks",
				);
				MARKETING_VERSION = 1.0;
				PRODUCT_BUNDLE_IDENTIFIER = org.vastorigins.app.PepperMealPlanner;
				PRODUCT_NAME = "$(TARGET_NAME)";
				SWIFT_EMIT_LOC_STRINGS = YES;
				SWIFT_VERSION = 5.0;
				TARGETED_DEVICE_FAMILY = "1,2";
			};
			name = Debug;
		};
		2C589CD52D315EFF0038997F /* Release */ = {
			isa = XCBuildConfiguration;
			buildSettings = {
				ASSETCATALOG_COMPILER_APPICON_NAME = AppIcon;
				ASSETCATALOG_COMPILER_GLOBAL_ACCENT_COLOR_NAME = AccentColor;
				CODE_SIGN_STYLE = Automatic;
				CURRENT_PROJECT_VERSION = 1;
				DEVELOPMENT_ASSET_PATHS = "\"PepperMealPlanner/Preview Content\"";
				ENABLE_PREVIEWS = YES;
				GENERATE_INFOPLIST_FILE = YES;
				INFOPLIST_KEY_CFBundleDisplayName = "Pepper Meal Planner";
				INFOPLIST_KEY_LSApplicationCategoryType = "public.app-category.food-and-drink";
				INFOPLIST_KEY_UIApplicationSceneManifest_Generation = YES;
				INFOPLIST_KEY_UIApplicationSupportsIndirectInputEvents = YES;
				INFOPLIST_KEY_UILaunchScreen_Generation = YES;
				INFOPLIST_KEY_UIStatusBarStyle = "";
				INFOPLIST_KEY_UISupportedInterfaceOrientations = UIInterfaceOrientationPortrait;
				INFOPLIST_KEY_UISupportedInterfaceOrientations_iPad = "UIInterfaceOrientationLandscapeLeft UIInterfaceOrientationLandscapeRight UIInterfaceOrientationPortrait UIInterfaceOrientationPortraitUpsideDown";
				LD_RUNPATH_SEARCH_PATHS = (
					"$(inherited)",
					"@executable_path/Frameworks",
				);
				MARKETING_VERSION = 1.0;
				PRODUCT_BUNDLE_IDENTIFIER = org.vastorigins.app.PepperMealPlanner;
				PRODUCT_NAME = "$(TARGET_NAME)";
				SWIFT_EMIT_LOC_STRINGS = YES;
				SWIFT_VERSION = 5.0;
				TARGETED_DEVICE_FAMILY = "1,2";
			};
			name = Release;
		};
		2C589CD72D315EFF0038997F /* Debug */ = {
			isa = XCBuildConfiguration;
			buildSettings = {
				BUNDLE_LOADER = "$(TEST_HOST)";
				CODE_SIGN_STYLE = Automatic;
				CURRENT_PROJECT_VERSION = 1;
				GENERATE_INFOPLIST_FILE = YES;
				IPHONEOS_DEPLOYMENT_TARGET = 18.2;
				MARKETING_VERSION = 1.0;
				PRODUCT_BUNDLE_IDENTIFIER = org.vastorigins.app.PepperMealPlannerTests;
				PRODUCT_NAME = "$(TARGET_NAME)";
				SWIFT_EMIT_LOC_STRINGS = NO;
				SWIFT_VERSION = 5.0;
				TARGETED_DEVICE_FAMILY = "1,2";
				TEST_HOST = "$(BUILT_PRODUCTS_DIR)/PepperMealPlanner.app/$(BUNDLE_EXECUTABLE_FOLDER_PATH)/PepperMealPlanner";
			};
			name = Debug;
		};
		2C589CD82D315EFF0038997F /* Release */ = {
			isa = XCBuildConfiguration;
			buildSettings = {
				BUNDLE_LOADER = "$(TEST_HOST)";
				CODE_SIGN_STYLE = Automatic;
				CURRENT_PROJECT_VERSION = 1;
				GENERATE_INFOPLIST_FILE = YES;
				IPHONEOS_DEPLOYMENT_TARGET = 18.2;
				MARKETING_VERSION = 1.0;
				PRODUCT_BUNDLE_IDENTIFIER = org.vastorigins.app.PepperMealPlannerTests;
				PRODUCT_NAME = "$(TARGET_NAME)";
				SWIFT_EMIT_LOC_STRINGS = NO;
				SWIFT_VERSION = 5.0;
				TARGETED_DEVICE_FAMILY = "1,2";
				TEST_HOST = "$(BUILT_PRODUCTS_DIR)/PepperMealPlanner.app/$(BUNDLE_EXECUTABLE_FOLDER_PATH)/PepperMealPlanner";
			};
			name = Release;
		};
		2C589CDA2D315EFF0038997F /* Debug */ = {
			isa = XCBuildConfiguration;
			buildSettings = {
				CODE_SIGN_STYLE = Automatic;
				CURRENT_PROJECT_VERSION = 1;
				GENERATE_INFOPLIST_FILE = YES;
				MARKETING_VERSION = 1.0;
				PRODUCT_BUNDLE_IDENTIFIER = org.vastorigins.app.PepperMealPlannerUITests;
				PRODUCT_NAME = "$(TARGET_NAME)";
				SWIFT_EMIT_LOC_STRINGS = NO;
				SWIFT_VERSION = 5.0;
				TARGETED_DEVICE_FAMILY = "1,2";
				TEST_TARGET_NAME = PepperMealPlanner;
			};
			name = Debug;
		};
		2C589CDB2D315EFF0038997F /* Release */ = {
			isa = XCBuildConfiguration;
			buildSettings = {
				CODE_SIGN_STYLE = Automatic;
				CURRENT_PROJECT_VERSION = 1;
				GENERATE_INFOPLIST_FILE = YES;
				MARKETING_VERSION = 1.0;
				PRODUCT_BUNDLE_IDENTIFIER = org.vastorigins.app.PepperMealPlannerUITests;
				PRODUCT_NAME = "$(TARGET_NAME)";
				SWIFT_EMIT_LOC_STRINGS = NO;
				SWIFT_VERSION = 5.0;
				TARGETED_DEVICE_FAMILY = "1,2";
				TEST_TARGET_NAME = PepperMealPlanner;
			};
			name = Release;
		};
/* End XCBuildConfiguration section */

/* Begin XCConfigurationList section */
		2C589CAA2D315EFC0038997F /* Build configuration list for PBXProject "PepperMealPlanner" */ = {
			isa = XCConfigurationList;
			buildConfigurations = (
				2C589CD12D315EFF0038997F /* Debug */,
				2C589CD22D315EFF0038997F /* Release */,
			);
			defaultConfigurationIsVisible = 0;
			defaultConfigurationName = Release;
		};
		2C589CD32D315EFF0038997F /* Build configuration list for PBXNativeTarget "PepperMealPlanner" */ = {
			isa = XCConfigurationList;
			buildConfigurations = (
				2C589CD42D315EFF0038997F /* Debug */,
				2C589CD52D315EFF0038997F /* Release */,
			);
			defaultConfigurationIsVisible = 0;
			defaultConfigurationName = Release;
		};
		2C589CD62D315EFF0038997F /* Build configuration list for PBXNativeTarget "PepperMealPlannerTests" */ = {
			isa = XCConfigurationList;
			buildConfigurations = (
				2C589CD72D315EFF0038997F /* Debug */,
				2C589CD82D315EFF0038997F /* Release */,
			);
			defaultConfigurationIsVisible = 0;
			defaultConfigurationName = Release;
		};
		2C589CD92D315EFF0038997F /* Build configuration list for PBXNativeTarget "PepperMealPlannerUITests" */ = {
			isa = XCConfigurationList;
			buildConfigurations = (
				2C589CDA2D315EFF0038997F /* Debug */,
				2C589CDB2D315EFF0038997F /* Release */,
			);
			defaultConfigurationIsVisible = 0;
			defaultConfigurationName = Release;
		};
/* End XCConfigurationList section */

/* Begin XCRemoteSwiftPackageReference section */
		2C7505792D356D1600C39319 /* XCRemoteSwiftPackageReference "SwiftUIX" */ = {
			isa = XCRemoteSwiftPackageReference;
			repositoryURL = "https://github.com/swiftuix/SwiftUIX";
			requirement = {
				kind = upToNextMajorVersion;
				minimumVersion = 0.2.3;
			};
		};
		2C7DD8552D36BB7200468ECF /* XCRemoteSwiftPackageReference "lottie-spm" */ = {
			isa = XCRemoteSwiftPackageReference;
			repositoryURL = "https://github.com/airbnb/lottie-spm.git";
			requirement = {
				kind = upToNextMajorVersion;
				minimumVersion = 4.5.1;
			};
		};
		2CA80CEA2D350A32008A7F39 /* XCRemoteSwiftPackageReference "Kingfisher" */ = {
			isa = XCRemoteSwiftPackageReference;
			repositoryURL = "https://github.com/onevcat/Kingfisher.git";
			requirement = {
				kind = upToNextMajorVersion;
				minimumVersion = 8.1.3;
			};
		};
/* End XCRemoteSwiftPackageReference section */

/* Begin XCSwiftPackageProductDependency section */
		2C75057A2D356D2400C39319 /* SwiftUIX */ = {
			isa = XCSwiftPackageProductDependency;
			package = 2C7505792D356D1600C39319 /* XCRemoteSwiftPackageReference "SwiftUIX" */;
			productName = SwiftUIX;
		};
		2C7DD8592D36BEFF00468ECF /* Lottie */ = {
			isa = XCSwiftPackageProductDependency;
			package = 2C7DD8552D36BB7200468ECF /* XCRemoteSwiftPackageReference "lottie-spm" */;
			productName = Lottie;
		};
		2CA80CEC2D350A5E008A7F39 /* Kingfisher */ = {
			isa = XCSwiftPackageProductDependency;
			package = 2CA80CEA2D350A32008A7F39 /* XCRemoteSwiftPackageReference "Kingfisher" */;
			productName = Kingfisher;
		};
/* End XCSwiftPackageProductDependency section */
	};
	rootObject = 2C589CA72D315EFC0038997F /* Project object */;
}
